// !$*UTF8*$!
{
	archiveVersion = 1;
	classes = {
	};
	objectVersion = 77;
	objects = {

/* Begin PBXContainerItemProxy section */
		7CA1A3092D56B75500F1FDB3 /* PBXContainerItemProxy */ = {
			isa = PBXContainerItemProxy;
			containerPortal = 7CA1A2EF2D56B75400F1FDB3 /* Project object */;
			proxyType = 1;
			remoteGlobalIDString = 7CA1A2F62D56B75400F1FDB3;
			remoteInfo = LocalVideoConverterMac;
		};
		7CA1A3132D56B75500F1FDB3 /* PBXContainerItemProxy */ = {
			isa = PBXContainerItemProxy;
			containerPortal = 7CA1A2EF2D56B75400F1FDB3 /* Project object */;
			proxyType = 1;
			remoteGlobalIDString = 7CA1A2F62D56B75400F1FDB3;
			remoteInfo = LocalVideoConverterMac;
		};
/* End PBXContainerItemProxy section */

/* Begin PBXFileReference section */
		7CA1A2F72D56B75400F1FDB3 /* LocalVideoConverterMac.app */ = {isa = PBXFileReference; explicitFileType = wrapper.application; includeInIndex = 0; path = LocalVideoConverterMac.app; sourceTree = BUILT_PRODUCTS_DIR; };
		7CA1A3082D56B75500F1FDB3 /* LocalVideoConverterMacTests.xctest */ = {isa = PBXFileReference; explicitFileType = wrapper.cfbundle; includeInIndex = 0; path = LocalVideoConverterMacTests.xctest; sourceTree = BUILT_PRODUCTS_DIR; };
		7CA1A3122D56B75500F1FDB3 /* LocalVideoConverterMacUITests.xctest */ = {isa = PBXFileReference; explicitFileType = wrapper.cfbundle; includeInIndex = 0; path = LocalVideoConverterMacUITests.xctest; sourceTree = BUILT_PRODUCTS_DIR; };
/* End PBXFileReference section */

/* Begin PBXFileSystemSynchronizedRootGroup section */
		7CA1A2F92D56B75400F1FDB3 /* LocalVideoConverterMac */ = {
			isa = PBXFileSystemSynchronizedRootGroup;
			path = LocalVideoConverterMac;
			sourceTree = "<group>";
		};
		7CA1A30B2D56B75500F1FDB3 /* LocalVideoConverterMacTests */ = {
			isa = PBXFileSystemSynchronizedRootGroup;
			path = LocalVideoConverterMacTests;
			sourceTree = "<group>";
		};
		7CA1A3152D56B75500F1FDB3 /* LocalVideoConverterMacUITests */ = {
			isa = PBXFileSystemSynchronizedRootGroup;
			path = LocalVideoConverterMacUITests;
			sourceTree = "<group>";
		};
/* End PBXFileSystemSynchronizedRootGroup section */

/* Begin PBXFrameworksBuildPhase section */
		7CA1A2F42D56B75400F1FDB3 /* Frameworks */ = {
			isa = PBXFrameworksBuildPhase;
			buildActionMask = 2147483647;
			files = (
			);
			runOnlyForDeploymentPostprocessing = 0;
		};
		7CA1A3052D56B75500F1FDB3 /* Frameworks */ = {
			isa = PBXFrameworksBuildPhase;
			buildActionMask = 2147483647;
			files = (
			);
			runOnlyForDeploymentPostprocessing = 0;
		};
		7CA1A30F2D56B75500F1FDB3 /* Frameworks */ = {
			isa = PBXFrameworksBuildPhase;
			buildActionMask = 2147483647;
			files = (
			);
			runOnlyForDeploymentPostprocessing = 0;
		};
/* End PBXFrameworksBuildPhase section */

/* Begin PBXGroup section */
		7CA1A2EE2D56B75400F1FDB3 = {
			isa = PBXGroup;
			children = (
				7CA1A2F92D56B75400F1FDB3 /* LocalVideoConverterMac */,
				7CA1A30B2D56B75500F1FDB3 /* LocalVideoConverterMacTests */,
				7CA1A3152D56B75500F1FDB3 /* LocalVideoConverterMacUITests */,
				7CA1A2F82D56B75400F1FDB3 /* Products */,
			);
			sourceTree = "<group>";
		};
		7CA1A2F82D56B75400F1FDB3 /* Products */ = {
			isa = PBXGroup;
			children = (
				7CA1A2F72D56B75400F1FDB3 /* LocalVideoConverterMac.app */,
				7CA1A3082D56B75500F1FDB3 /* LocalVideoConverterMacTests.xctest */,
				7CA1A3122D56B75500F1FDB3 /* LocalVideoConverterMacUITests.xctest */,
			);
			name = Products;
			sourceTree = "<group>";
		};
/* End PBXGroup section */

/* Begin PBXNativeTarget section */
		7CA1A2F62D56B75400F1FDB3 /* LocalVideoConverterMac */ = {
			isa = PBXNativeTarget;
			buildConfigurationList = 7CA1A31C2D56B75500F1FDB3 /* Build configuration list for PBXNativeTarget "LocalVideoConverterMac" */;
			buildPhases = (
				7CA1A2F32D56B75400F1FDB3 /* Sources */,
				7CA1A2F42D56B75400F1FDB3 /* Frameworks */,
				7CA1A2F52D56B75400F1FDB3 /* Resources */,
			);
			buildRules = (
			);
			dependencies = (
			);
			fileSystemSynchronizedGroups = (
				7CA1A2F92D56B75400F1FDB3 /* LocalVideoConverterMac */,
			);
			name = LocalVideoConverterMac;
			packageProductDependencies = (
			);
			productName = LocalVideoConverterMac;
			productReference = 7CA1A2F72D56B75400F1FDB3 /* LocalVideoConverterMac.app */;
			productType = "com.apple.product-type.application";
		};
		7CA1A3072D56B75500F1FDB3 /* LocalVideoConverterMacTests */ = {
			isa = PBXNativeTarget;
			buildConfigurationList = 7CA1A31F2D56B75500F1FDB3 /* Build configuration list for PBXNativeTarget "LocalVideoConverterMacTests" */;
			buildPhases = (
				7CA1A3042D56B75500F1FDB3 /* Sources */,
				7CA1A3052D56B75500F1FDB3 /* Frameworks */,
				7CA1A3062D56B75500F1FDB3 /* Resources */,
			);
			buildRules = (
			);
			dependencies = (
				7CA1A30A2D56B75500F1FDB3 /* PBXTargetDependency */,
			);
			fileSystemSynchronizedGroups = (
				7CA1A30B2D56B75500F1FDB3 /* LocalVideoConverterMacTests */,
			);
			name = LocalVideoConverterMacTests;
			packageProductDependencies = (
			);
			productName = LocalVideoConverterMacTests;
			productReference = 7CA1A3082D56B75500F1FDB3 /* LocalVideoConverterMacTests.xctest */;
			productType = "com.apple.product-type.bundle.unit-test";
		};
		7CA1A3112D56B75500F1FDB3 /* LocalVideoConverterMacUITests */ = {
			isa = PBXNativeTarget;
			buildConfigurationList = 7CA1A3222D56B75500F1FDB3 /* Build configuration list for PBXNativeTarget "LocalVideoConverterMacUITests" */;
			buildPhases = (
				7CA1A30E2D56B75500F1FDB3 /* Sources */,
				7CA1A30F2D56B75500F1FDB3 /* Frameworks */,
				7CA1A3102D56B75500F1FDB3 /* Resources */,
			);
			buildRules = (
			);
			dependencies = (
				7CA1A3142D56B75500F1FDB3 /* PBXTargetDependency */,
			);
			fileSystemSynchronizedGroups = (
				7CA1A3152D56B75500F1FDB3 /* LocalVideoConverterMacUITests */,
			);
			name = LocalVideoConverterMacUITests;
			packageProductDependencies = (
			);
			productName = LocalVideoConverterMacUITests;
			productReference = 7CA1A3122D56B75500F1FDB3 /* LocalVideoConverterMacUITests.xctest */;
			productType = "com.apple.product-type.bundle.ui-testing";
		};
/* End PBXNativeTarget section */

/* Begin PBXProject section */
		7CA1A2EF2D56B75400F1FDB3 /* Project object */ = {
			isa = PBXProject;
			attributes = {
				BuildIndependentTargetsInParallel = 1;
				LastSwiftUpdateCheck = 1620;
				LastUpgradeCheck = 1620;
				TargetAttributes = {
					7CA1A2F62D56B75400F1FDB3 = {
						CreatedOnToolsVersion = 16.2;
					};
					7CA1A3072D56B75500F1FDB3 = {
						CreatedOnToolsVersion = 16.2;
						TestTargetID = 7CA1A2F62D56B75400F1FDB3;
					};
					7CA1A3112D56B75500F1FDB3 = {
						CreatedOnToolsVersion = 16.2;
						TestTargetID = 7CA1A2F62D56B75400F1FDB3;
					};
				};
			};
			buildConfigurationList = 7CA1A2F22D56B75400F1FDB3 /* Build configuration list for PBXProject "LocalVideoConverterMac" */;
			developmentRegion = en;
			hasScannedForEncodings = 0;
			knownRegions = (
				en,
				Base,
			);
			mainGroup = 7CA1A2EE2D56B75400F1FDB3;
			minimizedProjectReferenceProxies = 1;
			preferredProjectObjectVersion = 77;
			productRefGroup = 7CA1A2F82D56B75400F1FDB3 /* Products */;
			projectDirPath = "";
			projectRoot = "";
			targets = (
				7CA1A2F62D56B75400F1FDB3 /* LocalVideoConverterMac */,
				7CA1A3072D56B75500F1FDB3 /* LocalVideoConverterMacTests */,
				7CA1A3112D56B75500F1FDB3 /* LocalVideoConverterMacUITests */,
			);
		};
/* End PBXProject section */

/* Begin PBXResourcesBuildPhase section */
		7CA1A2F52D56B75400F1FDB3 /* Resources */ = {
			isa = PBXResourcesBuildPhase;
			buildActionMask = 2147483647;
			files = (
			);
			runOnlyForDeploymentPostprocessing = 0;
		};
		7CA1A3062D56B75500F1FDB3 /* Resources */ = {
			isa = PBXResourcesBuildPhase;
			buildActionMask = 2147483647;
			files = (
			);
			runOnlyForDeploymentPostprocessing = 0;
		};
		7CA1A3102D56B75500F1FDB3 /* Resources */ = {
			isa = PBXResourcesBuildPhase;
			buildActionMask = 2147483647;
			files = (
			);
			runOnlyForDeploymentPostprocessing = 0;
		};
/* End PBXResourcesBuildPhase section */

/* Begin PBXSourcesBuildPhase section */
		7CA1A2F32D56B75400F1FDB3 /* Sources */ = {
			isa = PBXSourcesBuildPhase;
			buildActionMask = 2147483647;
			files = (
			);
			runOnlyForDeploymentPostprocessing = 0;
		};
		7CA1A3042D56B75500F1FDB3 /* Sources */ = {
			isa = PBXSourcesBuildPhase;
			buildActionMask = 2147483647;
			files = (
			);
			runOnlyForDeploymentPostprocessing = 0;
		};
		7CA1A30E2D56B75500F1FDB3 /* Sources */ = {
			isa = PBXSourcesBuildPhase;
			buildActionMask = 2147483647;
			files = (
			);
			runOnlyForDeploymentPostprocessing = 0;
		};
/* End PBXSourcesBuildPhase section */

/* Begin PBXTargetDependency section */
		7CA1A30A2D56B75500F1FDB3 /* PBXTargetDependency */ = {
			isa = PBXTargetDependency;
			target = 7CA1A2F62D56B75400F1FDB3 /* LocalVideoConverterMac */;
			targetProxy = 7CA1A3092D56B75500F1FDB3 /* PBXContainerItemProxy */;
		};
		7CA1A3142D56B75500F1FDB3 /* PBXTargetDependency */ = {
			isa = PBXTargetDependency;
			target = 7CA1A2F62D56B75400F1FDB3 /* LocalVideoConverterMac */;
			targetProxy = 7CA1A3132D56B75500F1FDB3 /* PBXContainerItemProxy */;
		};
/* End PBXTargetDependency section */

/* Begin XCBuildConfiguration section */
		7CA1A31A2D56B75500F1FDB3 /* Debug */ = {
			isa = XCBuildConfiguration;
			buildSettings = {
				ALWAYS_SEARCH_USER_PATHS = NO;
				ASSETCATALOG_COMPILER_GENERATE_SWIFT_ASSET_SYMBOL_EXTENSIONS = YES;
				CLANG_ANALYZER_NONNULL = YES;
				CLANG_ANALYZER_NUMBER_OBJECT_CONVERSION = YES_AGGRESSIVE;
				CLANG_CXX_LANGUAGE_STANDARD = "gnu++20";
				CLANG_ENABLE_MODULES = YES;
				CLANG_ENABLE_OBJC_ARC = YES;
				CLANG_ENABLE_OBJC_WEAK = YES;
				CLANG_WARN_BLOCK_CAPTURE_AUTORELEASING = YES;
				CLANG_WARN_BOOL_CONVERSION = YES;
				CLANG_WARN_COMMA = YES;
				CLANG_WARN_CONSTANT_CONVERSION = YES;
				CLANG_WARN_DEPRECATED_OBJC_IMPLEMENTATIONS = YES;
				CLANG_WARN_DIRECT_OBJC_ISA_USAGE = YES_ERROR;
				CLANG_WARN_DOCUMENTATION_COMMENTS = YES;
				CLANG_WARN_EMPTY_BODY = YES;
				CLANG_WARN_ENUM_CONVERSION = YES;
				CLANG_WARN_INFINITE_RECURSION = YES;
				CLANG_WARN_INT_CONVERSION = YES;
				CLANG_WARN_NON_LITERAL_NULL_CONVERSION = YES;
				CLANG_WARN_OBJC_IMPLICIT_RETAIN_SELF = YES;
				CLANG_WARN_OBJC_LITERAL_CONVERSION = YES;
				CLANG_WARN_OBJC_ROOT_CLASS = YES_ERROR;
				CLANG_WARN_QUOTED_INCLUDE_IN_FRAMEWORK_HEADER = YES;
				CLANG_WARN_RANGE_LOOP_ANALYSIS = YES;
				CLANG_WARN_STRICT_PROTOTYPES = YES;
				CLANG_WARN_SUSPICIOUS_MOVE = YES;
				CLANG_WARN_UNGUARDED_AVAILABILITY = YES_AGGRESSIVE;
				CLANG_WARN_UNREACHABLE_CODE = YES;
				CLANG_WARN__DUPLICATE_METHOD_MATCH = YES;
				COPY_PHASE_STRIP = NO;
				DEBUG_INFORMATION_FORMAT = dwarf;
				ENABLE_STRICT_OBJC_MSGSEND = YES;
				ENABLE_TESTABILITY = YES;
				ENABLE_USER_SCRIPT_SANDBOXING = YES;
				GCC_C_LANGUAGE_STANDARD = gnu17;
				GCC_DYNAMIC_NO_PIC = NO;
				GCC_NO_COMMON_BLOCKS = YES;
				GCC_OPTIMIZATION_LEVEL = 0;
				GCC_PREPROCESSOR_DEFINITIONS = (
					"DEBUG=1",
					"$(inherited)",
				);
				GCC_WARN_64_TO_32_BIT_CONVERSION = YES;
				GCC_WARN_ABOUT_RETURN_TYPE = YES_ERROR;
				GCC_WARN_UNDECLARED_SELECTOR = YES;
				GCC_WARN_UNINITIALIZED_AUTOS = YES_AGGRESSIVE;
				GCC_WARN_UNUSED_FUNCTION = YES;
				GCC_WARN_UNUSED_VARIABLE = YES;
				LOCALIZATION_PREFERS_STRING_CATALOGS = YES;
				MACOSX_DEPLOYMENT_TARGET = 15.2;
				MTL_ENABLE_DEBUG_INFO = INCLUDE_SOURCE;
				MTL_FAST_MATH = YES;
				ONLY_ACTIVE_ARCH = YES;
				SDKROOT = macosx;
				SWIFT_ACTIVE_COMPILATION_CONDITIONS = "DEBUG $(inherited)";
				SWIFT_OPTIMIZATION_LEVEL = "-Onone";
			};
			name = Debug;
		};
		7CA1A31B2D56B75500F1FDB3 /* Release */ = {
			isa = XCBuildConfiguration;
			buildSettings = {
				ALWAYS_SEARCH_USER_PATHS = NO;
				ASSETCATALOG_COMPILER_GENERATE_SWIFT_ASSET_SYMBOL_EXTENSIONS = YES;
				CLANG_ANALYZER_NONNULL = YES;
				CLANG_ANALYZER_NUMBER_OBJECT_CONVERSION = YES_AGGRESSIVE;
				CLANG_CXX_LANGUAGE_STANDARD = "gnu++20";
				CLANG_ENABLE_MODULES = YES;
				CLANG_ENABLE_OBJC_ARC = YES;
				CLANG_ENABLE_OBJC_WEAK = YES;
				CLANG_WARN_BLOCK_CAPTURE_AUTORELEASING = YES;
				CLANG_WARN_BOOL_CONVERSION = YES;
				CLANG_WARN_COMMA = YES;
				CLANG_WARN_CONSTANT_CONVERSION = YES;
				CLANG_WARN_DEPRECATED_OBJC_IMPLEMENTATIONS = YES;
				CLANG_WARN_DIRECT_OBJC_ISA_USAGE = YES_ERROR;
				CLANG_WARN_DOCUMENTATION_COMMENTS = YES;
				CLANG_WARN_EMPTY_BODY = YES;
				CLANG_WARN_ENUM_CONVERSION = YES;
				CLANG_WARN_INFINITE_RECURSION = YES;
				CLANG_WARN_INT_CONVERSION = YES;
				CLANG_WARN_NON_LITERAL_NULL_CONVERSION = YES;
				CLANG_WARN_OBJC_IMPLICIT_RETAIN_SELF = YES;
				CLANG_WARN_OBJC_LITERAL_CONVERSION = YES;
				CLANG_WARN_OBJC_ROOT_CLASS = YES_ERROR;
				CLANG_WARN_QUOTED_INCLUDE_IN_FRAMEWORK_HEADER = YES;
				CLANG_WARN_RANGE_LOOP_ANALYSIS = YES;
				CLANG_WARN_STRICT_PROTOTYPES = YES;
				CLANG_WARN_SUSPICIOUS_MOVE = YES;
				CLANG_WARN_UNGUARDED_AVAILABILITY = YES_AGGRESSIVE;
				CLANG_WARN_UNREACHABLE_CODE = YES;
				CLANG_WARN__DUPLICATE_METHOD_MATCH = YES;
				COPY_PHASE_STRIP = NO;
				DEBUG_INFORMATION_FORMAT = "dwarf-with-dsym";
				ENABLE_NS_ASSERTIONS = NO;
				ENABLE_STRICT_OBJC_MSGSEND = YES;
				ENABLE_USER_SCRIPT_SANDBOXING = YES;
				GCC_C_LANGUAGE_STANDARD = gnu17;
				GCC_NO_COMMON_BLOCKS = YES;
				GCC_WARN_64_TO_32_BIT_CONVERSION = YES;
				GCC_WARN_ABOUT_RETURN_TYPE = YES_ERROR;
				GCC_WARN_UNDECLARED_SELECTOR = YES;
				GCC_WARN_UNINITIALIZED_AUTOS = YES_AGGRESSIVE;
				GCC_WARN_UNUSED_FUNCTION = YES;
				GCC_WARN_UNUSED_VARIABLE = YES;
				LOCALIZATION_PREFERS_STRING_CATALOGS = YES;
				MACOSX_DEPLOYMENT_TARGET = 15.2;
				MTL_ENABLE_DEBUG_INFO = NO;
				MTL_FAST_MATH = YES;
				SDKROOT = macosx;
				SWIFT_COMPILATION_MODE = wholemodule;
			};
			name = Release;
		};
		7CA1A31D2D56B75500F1FDB3 /* Debug */ = {
			isa = XCBuildConfiguration;
			buildSettings = {
				ASSETCATALOG_COMPILER_APPICON_NAME = AppIcon;
				ASSETCATALOG_COMPILER_GLOBAL_ACCENT_COLOR_NAME = AccentColor;
				CODE_SIGN_ENTITLEMENTS = LocalVideoConverterMac/LocalVideoConverterMac.entitlements;
				CODE_SIGN_STYLE = Automatic;
				COMBINE_HIDPI_IMAGES = YES;
				CURRENT_PROJECT_VERSION = 1;
				DEVELOPMENT_ASSET_PATHS = "\"LocalVideoConverterMac/Preview Content\"";
				ENABLE_PREVIEWS = YES;
				GENERATE_INFOPLIST_FILE = YES;
				INFOPLIST_KEY_NSHumanReadableCopyright = "";
				LD_RUNPATH_SEARCH_PATHS = (
					"$(inherited)",
					"@executable_path/../Frameworks",
				);
				MARKETING_VERSION = 1.0;
				PRODUCT_BUNDLE_IDENTIFIER = com.Luis.LocalVideoConverterMac;
				PRODUCT_NAME = "$(TARGET_NAME)";
				SWIFT_EMIT_LOC_STRINGS = YES;
				SWIFT_VERSION = 5.0;
			};
			name = Debug;
		};
		7CA1A31E2D56B75500F1FDB3 /* Release */ = {
			isa = XCBuildConfiguration;
			buildSettings = {
				ASSETCATALOG_COMPILER_APPICON_NAME = AppIcon;
				ASSETCATALOG_COMPILER_GLOBAL_ACCENT_COLOR_NAME = AccentColor;
				CODE_SIGN_ENTITLEMENTS = LocalVideoConverterMac/LocalVideoConverterMac.entitlements;
				CODE_SIGN_STYLE = Automatic;
				COMBINE_HIDPI_IMAGES = YES;
				CURRENT_PROJECT_VERSION = 1;
				DEVELOPMENT_ASSET_PATHS = "\"LocalVideoConverterMac/Preview Content\"";
				ENABLE_PREVIEWS = YES;
				GENERATE_INFOPLIST_FILE = YES;
				INFOPLIST_KEY_NSHumanReadableCopyright = "";
				LD_RUNPATH_SEARCH_PATHS = (
					"$(inherited)",
					"@executable_path/../Frameworks",
				);
				MARKETING_VERSION = 1.0;
				PRODUCT_BUNDLE_IDENTIFIER = com.Luis.LocalVideoConverterMac;
				PRODUCT_NAME = "$(TARGET_NAME)";
				SWIFT_EMIT_LOC_STRINGS = YES;
				SWIFT_VERSION = 5.0;
			};
			name = Release;
		};
		7CA1A3202D56B75500F1FDB3 /* Debug */ = {
			isa = XCBuildConfiguration;
			buildSettings = {
				BUNDLE_LOADER = "$(TEST_HOST)";
				CODE_SIGN_STYLE = Automatic;
				CURRENT_PROJECT_VERSION = 1;
				GENERATE_INFOPLIST_FILE = YES;
				MACOSX_DEPLOYMENT_TARGET = 15.2;
				MARKETING_VERSION = 1.0;
				PRODUCT_BUNDLE_IDENTIFIER = com.Luis.LocalVideoConverterMacTests;
				PRODUCT_NAME = "$(TARGET_NAME)";
				SWIFT_EMIT_LOC_STRINGS = NO;
				SWIFT_VERSION = 5.0;
				TEST_HOST = "$(BUILT_PRODUCTS_DIR)/LocalVideoConverterMac.app/$(BUNDLE_EXECUTABLE_FOLDER_PATH)/LocalVideoConverterMac";
			};
			name = Debug;
		};
		7CA1A3212D56B75500F1FDB3 /* Release */ = {
			isa = XCBuildConfiguration;
			buildSettings = {
				BUNDLE_LOADER = "$(TEST_HOST)";
				CODE_SIGN_STYLE = Automatic;
				CURRENT_PROJECT_VERSION = 1;
				GENERATE_INFOPLIST_FILE = YES;
				MACOSX_DEPLOYMENT_TARGET = 15.2;
				MARKETING_VERSION = 1.0;
				PRODUCT_BUNDLE_IDENTIFIER = com.Luis.LocalVideoConverterMacTests;
				PRODUCT_NAME = "$(TARGET_NAME)";
				SWIFT_EMIT_LOC_STRINGS = NO;
				SWIFT_VERSION = 5.0;
				TEST_HOST = "$(BUILT_PRODUCTS_DIR)/LocalVideoConverterMac.app/$(BUNDLE_EXECUTABLE_FOLDER_PATH)/LocalVideoConverterMac";
			};
			name = Release;
		};
		7CA1A3232D56B75500F1FDB3 /* Debug */ = {
			isa = XCBuildConfiguration;
			buildSettings = {
				CODE_SIGN_STYLE = Automatic;
				CURRENT_PROJECT_VERSION = 1;
				GENERATE_INFOPLIST_FILE = YES;
				MARKETING_VERSION = 1.0;
				PRODUCT_BUNDLE_IDENTIFIER = com.Luis.LocalVideoConverterMacUITests;
				PRODUCT_NAME = "$(TARGET_NAME)";
				SWIFT_EMIT_LOC_STRINGS = NO;
				SWIFT_VERSION = 5.0;
				TEST_TARGET_NAME = LocalVideoConverterMac;
			};
			name = Debug;
		};
		7CA1A3242D56B75500F1FDB3 /* Release */ = {
			isa = XCBuildConfiguration;
			buildSettings = {
				CODE_SIGN_STYLE = Automatic;
				CURRENT_PROJECT_VERSION = 1;
				GENERATE_INFOPLIST_FILE = YES;
				MARKETING_VERSION = 1.0;
				PRODUCT_BUNDLE_IDENTIFIER = com.Luis.LocalVideoConverterMacUITests;
				PRODUCT_NAME = "$(TARGET_NAME)";
				SWIFT_EMIT_LOC_STRINGS = NO;
				SWIFT_VERSION = 5.0;
				TEST_TARGET_NAME = LocalVideoConverterMac;
			};
			name = Release;
		};
/* End XCBuildConfiguration section */

/* Begin XCConfigurationList section */
		7CA1A2F22D56B75400F1FDB3 /* Build configuration list for PBXProject "LocalVideoConverterMac" */ = {
			isa = XCConfigurationList;
			buildConfigurations = (
				7CA1A31A2D56B75500F1FDB3 /* Debug */,
				7CA1A31B2D56B75500F1FDB3 /* Release */,
			);
			defaultConfigurationIsVisible = 0;
			defaultConfigurationName = Release;
		};
		7CA1A31C2D56B75500F1FDB3 /* Build configuration list for PBXNativeTarget "LocalVideoConverterMac" */ = {
			isa = XCConfigurationList;
			buildConfigurations = (
				7CA1A31D2D56B75500F1FDB3 /* Debug */,
				7CA1A31E2D56B75500F1FDB3 /* Release */,
			);
			defaultConfigurationIsVisible = 0;
			defaultConfigurationName = Release;
		};
		7CA1A31F2D56B75500F1FDB3 /* Build configuration list for PBXNativeTarget "LocalVideoConverterMacTests" */ = {
			isa = XCConfigurationList;
			buildConfigurations = (
				7CA1A3202D56B75500F1FDB3 /* Debug */,
				7CA1A3212D56B75500F1FDB3 /* Release */,
			);
			defaultConfigurationIsVisible = 0;
			defaultConfigurationName = Release;
		};
		7CA1A3222D56B75500F1FDB3 /* Build configuration list for PBXNativeTarget "LocalVideoConverterMacUITests" */ = {
			isa = XCConfigurationList;
			buildConfigurations = (
				7CA1A3232D56B75500F1FDB3 /* Debug */,
				7CA1A3242D56B75500F1FDB3 /* Release */,
			);
			defaultConfigurationIsVisible = 0;
			defaultConfigurationName = Release;
		};
/* End XCConfigurationList section */
	};
	rootObject = 7CA1A2EF2D56B75400F1FDB3 /* Project object */;
}
